PODS:
  - BBCodeParser (0.1.0)
  - BBCodeString (0.2.0):
    - BBCodeParser (~> 0.1.0)

DEPENDENCIES:
  - BBCodeString (from `../`)

EXTERNAL SOURCES:
  BBCodeString:
    :path: ../

SPEC CHECKSUMS:
  BBCodeParser: d5f83082b904b5af59f832f10c81606c8553777e
  BBCodeString: d1e2de2d622de05facc6638430d51e2a8231535f

COCOAPODS: 0.38.0
