PODS:
  - BBCodeParser (0.1.0)
  - BBCodeString (0.1.0):
    - BBCodeParser (~> 0.1.0)

DEPENDENCIES:
  - BBCodeString (from `../`)

EXTERNAL SOURCES:
  BBCodeString:
    :path: "../"

SPEC CHECKSUMS:
  BBCodeParser: d5f83082b904b5af59f832f10c81606c8553777e
  BBCodeString: f6327ae22f7afe162ae850d764664155475dc5ff

COCOAPODS: 0.37.1
