PODS:
  - BBCodeParser (0.1.0)
  - BBCodeString (0.1.0):
    - BBCodeParser (~> 0.1.0)

DEPENDENCIES:
  - BBCodeString (from `../`)

EXTERNAL SOURCES:
  BBCodeString:
    :path: ../

SPEC CHECKSUMS:
  BBCodeParser: d5f83082b904b5af59f832f10c81606c8553777e
  BBCodeString: d568b4dcf536919af1c02ccd2d996c17efe24671

COCOAPODS: 0.36.3
