// !$*UTF8*$!
{
	archiveVersion = 1;
	classes = {
	};
	objectVersion = 46;
	objects = {

/* Begin PBXBuildFile section */
		11070BE716ECC6EB00CFFF3C /* InfoPlist.strings in Resources */ = {isa = PBXBuildFile; fileRef = 11070BE516ECC6EB00CFFF3C /* InfoPlist.strings */; };
		11070BF416ECC70100CFFF3C /* BBAttribute.m in Sources */ = {isa = PBXBuildFile; fileRef = 11070BEA16ECC70100CFFF3C /* BBAttribute.m */; };
		11070BF516ECC70100CFFF3C /* BBCodeParser.m in Sources */ = {isa = PBXBuildFile; fileRef = 11070BEC16ECC70100CFFF3C /* BBCodeParser.m */; };
		11070BF616ECC70100CFFF3C /* BBElement.m in Sources */ = {isa = PBXBuildFile; fileRef = 11070BEF16ECC70100CFFF3C /* BBElement.m */; };
		11070BF716ECC70100CFFF3C /* BBParsingElement.m in Sources */ = {isa = PBXBuildFile; fileRef = 11070BF116ECC70100CFFF3C /* BBParsingElement.m */; };
		11070BF816ECC70100CFFF3C /* BBCodeString.m in Sources */ = {isa = PBXBuildFile; fileRef = 11070BF316ECC70100CFFF3C /* BBCodeString.m */; };
		11070BFF16ECC9B300CFFF3C /* NSMutableAttributedString+BBCodeString.m in Sources */ = {isa = PBXBuildFile; fileRef = 11070BFE16ECC9B300CFFF3C /* NSMutableAttributedString+BBCodeString.m */; };
		11070C0616ECCA9800CFFF3C /* UIKit.framework in Frameworks */ = {isa = PBXBuildFile; fileRef = 11070C0116ECCA0E00CFFF3C /* UIKit.framework */; };
		11070C0816ECCC8700CFFF3C /* BBAttribute.m in Sources */ = {isa = PBXBuildFile; fileRef = 11070BEA16ECC70100CFFF3C /* BBAttribute.m */; };
		11070C0916ECCC8700CFFF3C /* BBCodeParser.m in Sources */ = {isa = PBXBuildFile; fileRef = 11070BEC16ECC70100CFFF3C /* BBCodeParser.m */; };
		11070C0A16ECCC8700CFFF3C /* BBElement.m in Sources */ = {isa = PBXBuildFile; fileRef = 11070BEF16ECC70100CFFF3C /* BBElement.m */; };
		11070C0B16ECCC8700CFFF3C /* BBParsingElement.m in Sources */ = {isa = PBXBuildFile; fileRef = 11070BF116ECC70100CFFF3C /* BBParsingElement.m */; };
		11070C0C16ECCC8700CFFF3C /* BBCodeString.m in Sources */ = {isa = PBXBuildFile; fileRef = 11070BF316ECC70100CFFF3C /* BBCodeString.m */; };
		11070C0D16ECCC8700CFFF3C /* NSMutableAttributedString+BBCodeString.m in Sources */ = {isa = PBXBuildFile; fileRef = 11070BFE16ECC9B300CFFF3C /* NSMutableAttributedString+BBCodeString.m */; };
		11070C0E16ECCCA400CFFF3C /* UIKit.framework in Frameworks */ = {isa = PBXBuildFile; fileRef = 11070C0116ECCA0E00CFFF3C /* UIKit.framework */; };
		11A7586D16ECC4A800CC5AAD /* Foundation.framework in Frameworks */ = {isa = PBXBuildFile; fileRef = 11A7586C16ECC4A800CC5AAD /* Foundation.framework */; };
		11A7587C16ECC4A800CC5AAD /* SenTestingKit.framework in Frameworks */ = {isa = PBXBuildFile; fileRef = 11A7587B16ECC4A800CC5AAD /* SenTestingKit.framework */; };
		11A7587F16ECC4A800CC5AAD /* Foundation.framework in Frameworks */ = {isa = PBXBuildFile; fileRef = 11A7586C16ECC4A800CC5AAD /* Foundation.framework */; };
		11A7588216ECC4A800CC5AAD /* libBBCodeString.a in Frameworks */ = {isa = PBXBuildFile; fileRef = 11A7586916ECC4A800CC5AAD /* libBBCodeString.a */; };
		11A758AC16ECC69F00CC5AAD /* BBCodeStringTests.m in Sources */ = {isa = PBXBuildFile; fileRef = 11A758AB16ECC69F00CC5AAD /* BBCodeStringTests.m */; };
/* End PBXBuildFile section */

/* Begin PBXContainerItemProxy section */
		11A7588016ECC4A800CC5AAD /* PBXContainerItemProxy */ = {
			isa = PBXContainerItemProxy;
			containerPortal = 11A7586016ECC4A800CC5AAD /* Project object */;
			proxyType = 1;
			remoteGlobalIDString = 11A7586816ECC4A800CC5AAD;
			remoteInfo = BBCodeStringBuilder;
		};
/* End PBXContainerItemProxy section */

/* Begin PBXCopyFilesBuildPhase section */
		11A7586716ECC4A800CC5AAD /* CopyFiles */ = {
			isa = PBXCopyFilesBuildPhase;
			buildActionMask = 2147483647;
			dstPath = "include/${PRODUCT_NAME}";
			dstSubfolderSpec = 16;
			files = (
			);
			runOnlyForDeploymentPostprocessing = 0;
		};
/* End PBXCopyFilesBuildPhase section */

/* Begin PBXFileReference section */
		11070BE616ECC6EB00CFFF3C /* en */ = {isa = PBXFileReference; lastKnownFileType = text.plist.strings; name = en; path = BBCodeStringTests/en.lproj/InfoPlist.strings; sourceTree = SOURCE_ROOT; };
		11070BE916ECC70100CFFF3C /* BBAttribute.h */ = {isa = PBXFileReference; fileEncoding = 4; lastKnownFileType = sourcecode.c.h; path = BBAttribute.h; sourceTree = "<group>"; };
		11070BEA16ECC70100CFFF3C /* BBAttribute.m */ = {isa = PBXFileReference; fileEncoding = 4; lastKnownFileType = sourcecode.c.objc; path = BBAttribute.m; sourceTree = "<group>"; };
		11070BEB16ECC70100CFFF3C /* BBCodeParser.h */ = {isa = PBXFileReference; fileEncoding = 4; lastKnownFileType = sourcecode.c.h; path = BBCodeParser.h; sourceTree = "<group>"; };
		11070BEC16ECC70100CFFF3C /* BBCodeParser.m */ = {isa = PBXFileReference; fileEncoding = 4; lastKnownFileType = sourcecode.c.objc; path = BBCodeParser.m; sourceTree = "<group>"; };
		11070BED16ECC70100CFFF3C /* BBCodeParserDelegate.h */ = {isa = PBXFileReference; fileEncoding = 4; lastKnownFileType = sourcecode.c.h; path = BBCodeParserDelegate.h; sourceTree = "<group>"; };
		11070BEE16ECC70100CFFF3C /* BBElement.h */ = {isa = PBXFileReference; fileEncoding = 4; lastKnownFileType = sourcecode.c.h; path = BBElement.h; sourceTree = "<group>"; };
		11070BEF16ECC70100CFFF3C /* BBElement.m */ = {isa = PBXFileReference; fileEncoding = 4; lastKnownFileType = sourcecode.c.objc; path = BBElement.m; sourceTree = "<group>"; };
		11070BF016ECC70100CFFF3C /* BBParsingElement.h */ = {isa = PBXFileReference; fileEncoding = 4; lastKnownFileType = sourcecode.c.h; path = BBParsingElement.h; sourceTree = "<group>"; };
		11070BF116ECC70100CFFF3C /* BBParsingElement.m */ = {isa = PBXFileReference; fileEncoding = 4; lastKnownFileType = sourcecode.c.objc; path = BBParsingElement.m; sourceTree = "<group>"; };
		11070BF216ECC70100CFFF3C /* BBCodeString.h */ = {isa = PBXFileReference; fileEncoding = 4; lastKnownFileType = sourcecode.c.h; name = BBCodeString.h; path = BBCodeString/BBCodeString.h; sourceTree = SOURCE_ROOT; };
		11070BF316ECC70100CFFF3C /* BBCodeString.m */ = {isa = PBXFileReference; fileEncoding = 4; lastKnownFileType = sourcecode.c.objc; name = BBCodeString.m; path = BBCodeString/BBCodeString.m; sourceTree = SOURCE_ROOT; };
		11070BF916ECC70A00CFFF3C /* BBCodeString-Prefix.pch */ = {isa = PBXFileReference; fileEncoding = 4; lastKnownFileType = sourcecode.c.h; name = "BBCodeString-Prefix.pch"; path = "BBCodeString/BBCodeString-Prefix.pch"; sourceTree = SOURCE_ROOT; };
		11070BFD16ECC9B300CFFF3C /* NSMutableAttributedString+BBCodeString.h */ = {isa = PBXFileReference; fileEncoding = 4; lastKnownFileType = sourcecode.c.h; name = "NSMutableAttributedString+BBCodeString.h"; path = "BBCodeString/NSMutableAttributedString+BBCodeString.h"; sourceTree = SOURCE_ROOT; };
		11070BFE16ECC9B300CFFF3C /* NSMutableAttributedString+BBCodeString.m */ = {isa = PBXFileReference; fileEncoding = 4; lastKnownFileType = sourcecode.c.objc; name = "NSMutableAttributedString+BBCodeString.m"; path = "BBCodeString/NSMutableAttributedString+BBCodeString.m"; sourceTree = SOURCE_ROOT; };
		11070C0116ECCA0E00CFFF3C /* UIKit.framework */ = {isa = PBXFileReference; lastKnownFileType = wrapper.framework; name = UIKit.framework; path = System/Library/Frameworks/UIKit.framework; sourceTree = SDKROOT; };
		11A7586916ECC4A800CC5AAD /* libBBCodeString.a */ = {isa = PBXFileReference; explicitFileType = archive.ar; includeInIndex = 0; path = libBBCodeString.a; sourceTree = BUILT_PRODUCTS_DIR; };
		11A7586C16ECC4A800CC5AAD /* Foundation.framework */ = {isa = PBXFileReference; lastKnownFileType = wrapper.framework; name = Foundation.framework; path = System/Library/Frameworks/Foundation.framework; sourceTree = SDKROOT; };
		11A7587A16ECC4A800CC5AAD /* BBCodeStringTests.octest */ = {isa = PBXFileReference; explicitFileType = wrapper.cfbundle; includeInIndex = 0; path = BBCodeStringTests.octest; sourceTree = BUILT_PRODUCTS_DIR; };
		11A7587B16ECC4A800CC5AAD /* SenTestingKit.framework */ = {isa = PBXFileReference; lastKnownFileType = wrapper.framework; name = SenTestingKit.framework; path = Library/Frameworks/SenTestingKit.framework; sourceTree = DEVELOPER_DIR; };
		11A758AA16ECC69F00CC5AAD /* BBCodeStringTests.h */ = {isa = PBXFileReference; fileEncoding = 4; lastKnownFileType = sourcecode.c.h; name = BBCodeStringTests.h; path = BBCodeStringTests/BBCodeStringTests.h; sourceTree = SOURCE_ROOT; };
		11A758AB16ECC69F00CC5AAD /* BBCodeStringTests.m */ = {isa = PBXFileReference; fileEncoding = 4; lastKnownFileType = sourcecode.c.objc; name = BBCodeStringTests.m; path = BBCodeStringTests/BBCodeStringTests.m; sourceTree = SOURCE_ROOT; };
		11A758AD16ECC6AB00CC5AAD /* BBCodeStringTests-Info.plist */ = {isa = PBXFileReference; fileEncoding = 4; lastKnownFileType = text.plist.xml; name = "BBCodeStringTests-Info.plist"; path = "BBCodeStringTests/BBCodeStringTests-Info.plist"; sourceTree = SOURCE_ROOT; };
/* End PBXFileReference section */

/* Begin PBXFrameworksBuildPhase section */
		11A7586616ECC4A800CC5AAD /* Frameworks */ = {
			isa = PBXFrameworksBuildPhase;
			buildActionMask = 2147483647;
			files = (
				11070C0616ECCA9800CFFF3C /* UIKit.framework in Frameworks */,
				11A7586D16ECC4A800CC5AAD /* Foundation.framework in Frameworks */,
			);
			runOnlyForDeploymentPostprocessing = 0;
		};
		11A7587616ECC4A800CC5AAD /* Frameworks */ = {
			isa = PBXFrameworksBuildPhase;
			buildActionMask = 2147483647;
			files = (
				11070C0E16ECCCA400CFFF3C /* UIKit.framework in Frameworks */,
				11A7587C16ECC4A800CC5AAD /* SenTestingKit.framework in Frameworks */,
				11A7587F16ECC4A800CC5AAD /* Foundation.framework in Frameworks */,
				11A7588216ECC4A800CC5AAD /* libBBCodeString.a in Frameworks */,
			);
			runOnlyForDeploymentPostprocessing = 0;
		};
/* End PBXFrameworksBuildPhase section */

/* Begin PBXGroup section */
		11070BE816ECC70100CFFF3C /* BBCodeParser */ = {
			isa = PBXGroup;
			children = (
				11070BE916ECC70100CFFF3C /* BBAttribute.h */,
				11070BEA16ECC70100CFFF3C /* BBAttribute.m */,
				11070BEB16ECC70100CFFF3C /* BBCodeParser.h */,
				11070BEC16ECC70100CFFF3C /* BBCodeParser.m */,
				11070BED16ECC70100CFFF3C /* BBCodeParserDelegate.h */,
				11070BEE16ECC70100CFFF3C /* BBElement.h */,
				11070BEF16ECC70100CFFF3C /* BBElement.m */,
				11070BF016ECC70100CFFF3C /* BBParsingElement.h */,
				11070BF116ECC70100CFFF3C /* BBParsingElement.m */,
			);
			name = BBCodeParser;
			path = BBCodeString/BBCodeParser;
			sourceTree = SOURCE_ROOT;
		};
		11A7585E16ECC4A800CC5AAD = {
			isa = PBXGroup;
			children = (
				11A7586E16ECC4A800CC5AAD /* BBCodeString */,
				11A7588316ECC4A800CC5AAD /* BBCodeStringTests */,
				11A7586B16ECC4A800CC5AAD /* Frameworks */,
				11A7586A16ECC4A800CC5AAD /* Products */,
			);
			sourceTree = "<group>";
		};
		11A7586A16ECC4A800CC5AAD /* Products */ = {
			isa = PBXGroup;
			children = (
				11A7586916ECC4A800CC5AAD /* libBBCodeString.a */,
				11A7587A16ECC4A800CC5AAD /* BBCodeStringTests.octest */,
			);
			name = Products;
			sourceTree = "<group>";
		};
		11A7586B16ECC4A800CC5AAD /* Frameworks */ = {
			isa = PBXGroup;
			children = (
				11070C0116ECCA0E00CFFF3C /* UIKit.framework */,
				11A7586C16ECC4A800CC5AAD /* Foundation.framework */,
				11A7587B16ECC4A800CC5AAD /* SenTestingKit.framework */,
			);
			name = Frameworks;
			sourceTree = "<group>";
		};
		11A7586E16ECC4A800CC5AAD /* BBCodeString */ = {
			isa = PBXGroup;
			children = (
				11070BE816ECC70100CFFF3C /* BBCodeParser */,
				11070BF216ECC70100CFFF3C /* BBCodeString.h */,
				11070BF316ECC70100CFFF3C /* BBCodeString.m */,
				11070BFD16ECC9B300CFFF3C /* NSMutableAttributedString+BBCodeString.h */,
				11070BFE16ECC9B300CFFF3C /* NSMutableAttributedString+BBCodeString.m */,
				11A7586F16ECC4A800CC5AAD /* Supporting Files */,
			);
			name = BBCodeString;
			path = BBCodeStringBuilder;
			sourceTree = "<group>";
		};
		11A7586F16ECC4A800CC5AAD /* Supporting Files */ = {
			isa = PBXGroup;
			children = (
				11070BF916ECC70A00CFFF3C /* BBCodeString-Prefix.pch */,
			);
			name = "Supporting Files";
			sourceTree = "<group>";
		};
		11A7588316ECC4A800CC5AAD /* BBCodeStringTests */ = {
			isa = PBXGroup;
			children = (
				11A758AA16ECC69F00CC5AAD /* BBCodeStringTests.h */,
				11A758AB16ECC69F00CC5AAD /* BBCodeStringTests.m */,
				11A7588416ECC4A800CC5AAD /* Supporting Files */,
			);
			name = BBCodeStringTests;
			path = BBCodeStringBuilderTests;
			sourceTree = "<group>";
		};
		11A7588416ECC4A800CC5AAD /* Supporting Files */ = {
			isa = PBXGroup;
			children = (
				11A758AD16ECC6AB00CC5AAD /* BBCodeStringTests-Info.plist */,
				11070BE516ECC6EB00CFFF3C /* InfoPlist.strings */,
			);
			name = "Supporting Files";
			sourceTree = "<group>";
		};
/* End PBXGroup section */

/* Begin PBXNativeTarget section */
		11A7586816ECC4A800CC5AAD /* BBCodeString */ = {
			isa = PBXNativeTarget;
			buildConfigurationList = 11A7588E16ECC4A800CC5AAD /* Build configuration list for PBXNativeTarget "BBCodeString" */;
			buildPhases = (
				11A7586516ECC4A800CC5AAD /* Sources */,
				11A7586616ECC4A800CC5AAD /* Frameworks */,
				11A7586716ECC4A800CC5AAD /* CopyFiles */,
			);
			buildRules = (
			);
			dependencies = (
			);
			name = BBCodeString;
			productName = BBCodeStringBuilder;
			productReference = 11A7586916ECC4A800CC5AAD /* libBBCodeString.a */;
			productType = "com.apple.product-type.library.static";
		};
		11A7587916ECC4A800CC5AAD /* BBCodeStringTests */ = {
			isa = PBXNativeTarget;
			buildConfigurationList = 11A7589116ECC4A800CC5AAD /* Build configuration list for PBXNativeTarget "BBCodeStringTests" */;
			buildPhases = (
				11A7587516ECC4A800CC5AAD /* Sources */,
				11A7587616ECC4A800CC5AAD /* Frameworks */,
				11A7587716ECC4A800CC5AAD /* Resources */,
				11A7587816ECC4A800CC5AAD /* ShellScript */,
			);
			buildRules = (
			);
			dependencies = (
				11A7588116ECC4A800CC5AAD /* PBXTargetDependency */,
			);
			name = BBCodeStringTests;
			productName = BBCodeStringBuilderTests;
			productReference = 11A7587A16ECC4A800CC5AAD /* BBCodeStringTests.octest */;
			productType = "com.apple.product-type.bundle";
		};
/* End PBXNativeTarget section */

/* Begin PBXProject section */
		11A7586016ECC4A800CC5AAD /* Project object */ = {
			isa = PBXProject;
			attributes = {
				LastUpgradeCheck = 0450;
				ORGANIZATIONNAME = "Miha Rataj";
			};
			buildConfigurationList = 11A7586316ECC4A800CC5AAD /* Build configuration list for PBXProject "BBCodeString" */;
			compatibilityVersion = "Xcode 3.2";
			developmentRegion = English;
			hasScannedForEncodings = 0;
			knownRegions = (
				en,
			);
			mainGroup = 11A7585E16ECC4A800CC5AAD;
			productRefGroup = 11A7586A16ECC4A800CC5AAD /* Products */;
			projectDirPath = "";
			projectRoot = "";
			targets = (
				11A7586816ECC4A800CC5AAD /* BBCodeString */,
				11A7587916ECC4A800CC5AAD /* BBCodeStringTests */,
			);
		};
/* End PBXProject section */

/* Begin PBXResourcesBuildPhase section */
		11A7587716ECC4A800CC5AAD /* Resources */ = {
			isa = PBXResourcesBuildPhase;
			buildActionMask = 2147483647;
			files = (
				11070BE716ECC6EB00CFFF3C /* InfoPlist.strings in Resources */,
			);
			runOnlyForDeploymentPostprocessing = 0;
		};
/* End PBXResourcesBuildPhase section */

/* Begin PBXShellScriptBuildPhase section */
		11A7587816ECC4A800CC5AAD /* ShellScript */ = {
			isa = PBXShellScriptBuildPhase;
			buildActionMask = 2147483647;
			files = (
			);
			inputPaths = (
			);
			outputPaths = (
			);
			runOnlyForDeploymentPostprocessing = 0;
			shellPath = /bin/sh;
			shellScript = "# Run the unit tests in this test bundle.\n\"${SYSTEM_DEVELOPER_DIR}/Tools/RunUnitTests\"\n";
		};
/* End PBXShellScriptBuildPhase section */

/* Begin PBXSourcesBuildPhase section */
		11A7586516ECC4A800CC5AAD /* Sources */ = {
			isa = PBXSourcesBuildPhase;
			buildActionMask = 2147483647;
			files = (
				11070C0816ECCC8700CFFF3C /* BBAttribute.m in Sources */,
				11070C0916ECCC8700CFFF3C /* BBCodeParser.m in Sources */,
				11070C0A16ECCC8700CFFF3C /* BBElement.m in Sources */,
				11070C0B16ECCC8700CFFF3C /* BBParsingElement.m in Sources */,
				11070C0C16ECCC8700CFFF3C /* BBCodeString.m in Sources */,
				11070C0D16ECCC8700CFFF3C /* NSMutableAttributedString+BBCodeString.m in Sources */,
			);
			runOnlyForDeploymentPostprocessing = 0;
		};
		11A7587516ECC4A800CC5AAD /* Sources */ = {
			isa = PBXSourcesBuildPhase;
			buildActionMask = 2147483647;
			files = (
				11A758AC16ECC69F00CC5AAD /* BBCodeStringTests.m in Sources */,
				11070BF416ECC70100CFFF3C /* BBAttribute.m in Sources */,
				11070BF516ECC70100CFFF3C /* BBCodeParser.m in Sources */,
				11070BF616ECC70100CFFF3C /* BBElement.m in Sources */,
				11070BF716ECC70100CFFF3C /* BBParsingElement.m in Sources */,
				11070BF816ECC70100CFFF3C /* BBCodeString.m in Sources */,
				11070BFF16ECC9B300CFFF3C /* NSMutableAttributedString+BBCodeString.m in Sources */,
			);
			runOnlyForDeploymentPostprocessing = 0;
		};
/* End PBXSourcesBuildPhase section */

/* Begin PBXTargetDependency section */
		11A7588116ECC4A800CC5AAD /* PBXTargetDependency */ = {
			isa = PBXTargetDependency;
			target = 11A7586816ECC4A800CC5AAD /* BBCodeString */;
			targetProxy = 11A7588016ECC4A800CC5AAD /* PBXContainerItemProxy */;
		};
/* End PBXTargetDependency section */

/* Begin PBXVariantGroup section */
		11070BE516ECC6EB00CFFF3C /* InfoPlist.strings */ = {
			isa = PBXVariantGroup;
			children = (
				11070BE616ECC6EB00CFFF3C /* en */,
			);
			name = InfoPlist.strings;
			sourceTree = "<group>";
		};
/* End PBXVariantGroup section */

/* Begin XCBuildConfiguration section */
		11A7588C16ECC4A800CC5AAD /* Debug */ = {
			isa = XCBuildConfiguration;
			buildSettings = {
				ALWAYS_SEARCH_USER_PATHS = NO;
				CLANG_CXX_LANGUAGE_STANDARD = "gnu++0x";
				CLANG_CXX_LIBRARY = "libc++";
				CLANG_ENABLE_OBJC_ARC = YES;
				CLANG_WARN_EMPTY_BODY = YES;
				CLANG_WARN__DUPLICATE_METHOD_MATCH = YES;
				COPY_PHASE_STRIP = NO;
				GCC_C_LANGUAGE_STANDARD = gnu99;
				GCC_DYNAMIC_NO_PIC = NO;
				GCC_OPTIMIZATION_LEVEL = 0;
				GCC_PREPROCESSOR_DEFINITIONS = (
					"DEBUG=1",
					"$(inherited)",
				);
				GCC_SYMBOLS_PRIVATE_EXTERN = NO;
				GCC_WARN_ABOUT_RETURN_TYPE = YES;
				GCC_WARN_UNINITIALIZED_AUTOS = YES;
				GCC_WARN_UNUSED_VARIABLE = YES;
				IPHONEOS_DEPLOYMENT_TARGET = 6.0;
				ONLY_ACTIVE_ARCH = YES;
				SDKROOT = iphoneos;
			};
			name = Debug;
		};
		11A7588D16ECC4A800CC5AAD /* Release */ = {
			isa = XCBuildConfiguration;
			buildSettings = {
				ALWAYS_SEARCH_USER_PATHS = NO;
				CLANG_CXX_LANGUAGE_STANDARD = "gnu++0x";
				CLANG_CXX_LIBRARY = "libc++";
				CLANG_ENABLE_OBJC_ARC = YES;
				CLANG_WARN_EMPTY_BODY = YES;
				CLANG_WARN__DUPLICATE_METHOD_MATCH = YES;
				COPY_PHASE_STRIP = YES;
				GCC_C_LANGUAGE_STANDARD = gnu99;
				GCC_WARN_ABOUT_RETURN_TYPE = YES;
				GCC_WARN_UNINITIALIZED_AUTOS = YES;
				GCC_WARN_UNUSED_VARIABLE = YES;
				IPHONEOS_DEPLOYMENT_TARGET = 6.0;
				SDKROOT = iphoneos;
				VALIDATE_PRODUCT = YES;
			};
			name = Release;
		};
		11A7588F16ECC4A800CC5AAD /* Debug */ = {
			isa = XCBuildConfiguration;
			buildSettings = {
				DSTROOT = /tmp/BBCodeString.dst;
				GCC_PRECOMPILE_PREFIX_HEADER = YES;
				GCC_PREFIX_HEADER = "BBCodeString/BBCodeString-Prefix.pch";
				OTHER_LDFLAGS = "-ObjC";
				PRODUCT_NAME = BBCodeString;
				SKIP_INSTALL = YES;
			};
			name = Debug;
		};
		11A7589016ECC4A800CC5AAD /* Release */ = {
			isa = XCBuildConfiguration;
			buildSettings = {
				DSTROOT = /tmp/BBCodeString.dst;
				GCC_PRECOMPILE_PREFIX_HEADER = YES;
				GCC_PREFIX_HEADER = "BBCodeString/BBCodeString-Prefix.pch";
				OTHER_LDFLAGS = "-ObjC";
				PRODUCT_NAME = BBCodeString;
				SKIP_INSTALL = YES;
			};
			name = Release;
		};
		11A7589216ECC4A800CC5AAD /* Debug */ = {
			isa = XCBuildConfiguration;
			buildSettings = {
				BUNDLE_LOADER = "";
				FRAMEWORK_SEARCH_PATHS = (
					"\"$(SDKROOT)/Developer/Library/Frameworks\"",
					"\"$(DEVELOPER_LIBRARY_DIR)/Frameworks\"",
				);
				GCC_PRECOMPILE_PREFIX_HEADER = YES;
				GCC_PREFIX_HEADER = "BBCodeString/BBCodeString-Prefix.pch";
				INFOPLIST_FILE = "BBCodeStringTests/BBCodeStringTests-Info.plist";
				PRODUCT_NAME = BBCodeStringTests;
				TEST_HOST = "$(BUNDLE_LOADER)";
				WRAPPER_EXTENSION = octest;
			};
			name = Debug;
		};
		11A7589316ECC4A800CC5AAD /* Release */ = {
			isa = XCBuildConfiguration;
			buildSettings = {
				BUNDLE_LOADER = "";
				FRAMEWORK_SEARCH_PATHS = (
					"\"$(SDKROOT)/Developer/Library/Frameworks\"",
					"\"$(DEVELOPER_LIBRARY_DIR)/Frameworks\"",
				);
				GCC_PRECOMPILE_PREFIX_HEADER = YES;
				GCC_PREFIX_HEADER = "BBCodeString/BBCodeString-Prefix.pch";
				INFOPLIST_FILE = "BBCodeStringTests/BBCodeStringTests-Info.plist";
				PRODUCT_NAME = BBCodeStringTests;
				TEST_HOST = "$(BUNDLE_LOADER)";
				WRAPPER_EXTENSION = octest;
			};
			name = Release;
		};
/* End XCBuildConfiguration section */

/* Begin XCConfigurationList section */
		11A7586316ECC4A800CC5AAD /* Build configuration list for PBXProject "BBCodeString" */ = {
			isa = XCConfigurationList;
			buildConfigurations = (
				11A7588C16ECC4A800CC5AAD /* Debug */,
				11A7588D16ECC4A800CC5AAD /* Release */,
			);
			defaultConfigurationIsVisible = 0;
			defaultConfigurationName = Release;
		};
		11A7588E16ECC4A800CC5AAD /* Build configuration list for PBXNativeTarget "BBCodeString" */ = {
			isa = XCConfigurationList;
			buildConfigurations = (
				11A7588F16ECC4A800CC5AAD /* Debug */,
				11A7589016ECC4A800CC5AAD /* Release */,
			);
			defaultConfigurationIsVisible = 0;
			defaultConfigurationName = Release;
		};
		11A7589116ECC4A800CC5AAD /* Build configuration list for PBXNativeTarget "BBCodeStringTests" */ = {
			isa = XCConfigurationList;
			buildConfigurations = (
				11A7589216ECC4A800CC5AAD /* Debug */,
				11A7589316ECC4A800CC5AAD /* Release */,
			);
			defaultConfigurationIsVisible = 0;
			defaultConfigurationName = Release;
		};
/* End XCConfigurationList section */
	};
	rootObject = 11A7586016ECC4A800CC5AAD /* Project object */;
}
